
Microsoft Visual Studio Solution File, Format Version 12.00
# Visual Studio Version 16
VisualStudioVersion = 16.0.28621.142
MinimumVisualStudioVersion = 10.0.40219.1
Project("{9A19103F-16F7-4668-BE54-9A1E7A4F7556}") = "dealership-angular", "dealership-angular\dealership-angular.csproj", "{6CBBAFB1-FCB7-48A6-AA48-945C1A647D4F}"
EndProject
Project("{9A19103F-16F7-4668-BE54-9A1E7A4F7556}") = "dealership.data", "dealership.data\dealership.data.csproj", "{5619F17F-369A-4F0D-B2E5-433FBA237D61}"
EndProject
Project("{9A19103F-16F7-4668-BE54-9A1E7A4F7556}") = "dealership.data.tests", "dealership.data.tests\dealership.data.tests.csproj", "{9DD08ACD-875D-4713-AF1B-8588A2F17035}"
EndProject
Project("{9A19103F-16F7-4668-BE54-9A1E7A4F7556}") = "dealership.interfaces", "dealership.interfaces\dealership.interfaces.csproj", "{5F1E5661-AA08-4928-9B97-7BB181D6871D}"
EndProject
Project("{9A19103F-16F7-4668-BE54-9A1E7A4F7556}") = "dealership.model", "dealership.model\dealership.model.csproj", "{1F6483F9-3A3D-4333-95E7-D3C45E8689C9}"
EndProject
Project("{FAE04EC0-301F-11D3-BF4B-00C04F79EFBC}") = "dealership.model.tests", "dealership.model.tests\dealership.model.tests.csproj", "{1AE18D04-A6D2-423B-8D16-4C8E657B89D8}"
EndProject
Global
	GlobalSection(SolutionConfigurationPlatforms) = preSolution
		Debug|Any CPU = Debug|Any CPU
		Release|Any CPU = Release|Any CPU
	EndGlobalSection
	GlobalSection(ProjectConfigurationPlatforms) = postSolution
		{6CBBAFB1-FCB7-48A6-AA48-945C1A647D4F}.Debug|Any CPU.ActiveCfg = Debug|Any CPU
		{6CBBAFB1-FCB7-48A6-AA48-945C1A647D4F}.Debug|Any CPU.Build.0 = Debug|Any CPU
		{6CBBAFB1-FCB7-48A6-AA48-945C1A647D4F}.Release|Any CPU.ActiveCfg = Release|Any CPU
		{6CBBAFB1-FCB7-48A6-AA48-945C1A647D4F}.Release|Any CPU.Build.0 = Release|Any CPU
		{5619F17F-369A-4F0D-B2E5-433FBA237D61}.Debug|Any CPU.ActiveCfg = Debug|Any CPU
		{5619F17F-369A-4F0D-B2E5-433FBA237D61}.Debug|Any CPU.Build.0 = Debug|Any CPU
		{5619F17F-369A-4F0D-B2E5-433FBA237D61}.Release|Any CPU.ActiveCfg = Release|Any CPU
		{5619F17F-369A-4F0D-B2E5-433FBA237D61}.Release|Any CPU.Build.0 = Release|Any CPU
		{9DD08ACD-875D-4713-AF1B-8588A2F17035}.Debug|Any CPU.ActiveCfg = Debug|Any CPU
		{9DD08ACD-875D-4713-AF1B-8588A2F17035}.Debug|Any CPU.Build.0 = Debug|Any CPU
		{9DD08ACD-875D-4713-AF1B-8588A2F17035}.Release|Any CPU.ActiveCfg = Release|Any CPU
		{9DD08ACD-875D-4713-AF1B-8588A2F17035}.Release|Any CPU.Build.0 = Release|Any CPU
		{5F1E5661-AA08-4928-9B97-7BB181D6871D}.Debug|Any CPU.ActiveCfg = Debug|Any CPU
		{5F1E5661-AA08-4928-9B97-7BB181D6871D}.Debug|Any CPU.Build.0 = Debug|Any CPU
		{5F1E5661-AA08-4928-9B97-7BB181D6871D}.Release|Any CPU.ActiveCfg = Release|Any CPU
		{5F1E5661-AA08-4928-9B97-7BB181D6871D}.Release|Any CPU.Build.0 = Release|Any CPU
		{1F6483F9-3A3D-4333-95E7-D3C45E8689C9}.Debug|Any CPU.ActiveCfg = Debug|Any CPU
		{1F6483F9-3A3D-4333-95E7-D3C45E8689C9}.Debug|Any CPU.Build.0 = Debug|Any CPU
		{1F6483F9-3A3D-4333-95E7-D3C45E8689C9}.Release|Any CPU.ActiveCfg = Release|Any CPU
		{1F6483F9-3A3D-4333-95E7-D3C45E8689C9}.Release|Any CPU.Build.0 = Release|Any CPU
		{1AE18D04-A6D2-423B-8D16-4C8E657B89D8}.Debug|Any CPU.ActiveCfg = Debug|Any CPU
		{1AE18D04-A6D2-423B-8D16-4C8E657B89D8}.Debug|Any CPU.Build.0 = Debug|Any CPU
		{1AE18D04-A6D2-423B-8D16-4C8E657B89D8}.Release|Any CPU.ActiveCfg = Release|Any CPU
		{1AE18D04-A6D2-423B-8D16-4C8E657B89D8}.Release|Any CPU.Build.0 = Release|Any CPU
	EndGlobalSection
	GlobalSection(SolutionProperties) = preSolution
		HideSolutionNode = FALSE
	EndGlobalSection
	GlobalSection(ExtensibilityGlobals) = postSolution
		SolutionGuid = {6417867B-FFCF-455E-983C-CADE09AF8947}
	EndGlobalSection
EndGlobal
